
Microsoft Visual Studio Solution File, Format Version 12.00
Project("{FAE04EC0-301F-11D3-BF4B-00C04F79EFBC}") = "WMR-USB-Controller", "WMR-USB-Controller\WMR-USB-Controller.csproj", "{F1129B7A-04E8-452A-ADA2-FF85C65D55E5}"
EndProject
Global
	GlobalSection(SolutionConfigurationPlatforms) = preSolution
		Debug|Any CPU = Debug|Any CPU
		Release|Any CPU = Release|Any CPU
	EndGlobalSection
	GlobalSection(ProjectConfigurationPlatforms) = postSolution
		{F1129B7A-04E8-452A-ADA2-FF85C65D55E5}.Debug|Any CPU.ActiveCfg = Debug|Any CPU
		{F1129B7A-04E8-452A-ADA2-FF85C65D55E5}.Debug|Any CPU.Build.0 = Debug|Any CPU
		{F1129B7A-04E8-452A-ADA2-FF85C65D55E5}.Release|Any CPU.ActiveCfg = Release|Any CPU
		{F1129B7A-04E8-452A-ADA2-FF85C65D55E5}.Release|Any CPU.Build.0 = Release|Any CPU
	EndGlobalSection
EndGlobal
